
Microsoft Visual Studio Solution File, Format Version 12.00
# Visual Studio Version 16
VisualStudioVersion = 16.0.29728.190
MinimumVisualStudioVersion = 10.0.40219.1
Project("{2150E333-8FDC-42A3-9474-1A3956D46DE8}") = "Data", "Data", "{403BA68C-F946-4ECC-95CD-E20C53193FB1}"
EndProject
Project("{FAE04EC0-301F-11D3-BF4B-00C04F79EFBC}") = "MyCalisthenicApp.Data", "MyCalisthenicApp.Data\MyCalisthenicApp.Data.csproj", "{16CE62E2-0AB4-4FF0-95E1-F06DB2517CFC}"
EndProject
Project("{FAE04EC0-301F-11D3-BF4B-00C04F79EFBC}") = "MyCalisthenicApp.Models", "MyCalisthenicApp.Models\MyCalisthenicApp.Models.csproj", "{A72BE4E9-ADCA-497A-8A49-47C6097D8B5A}"
EndProject
Project("{FAE04EC0-301F-11D3-BF4B-00C04F79EFBC}") = "MyCalisthenicApp.App", "MyCalisthenicApp.App\MyCalisthenicApp.App.csproj", "{7183760F-B9EF-4C38-8943-411EFDC9E0E9}"
EndProject
Global
	GlobalSection(SolutionConfigurationPlatforms) = preSolution
		Debug|Any CPU = Debug|Any CPU
		Release|Any CPU = Release|Any CPU
	EndGlobalSection
	GlobalSection(ProjectConfigurationPlatforms) = postSolution
		{16CE62E2-0AB4-4FF0-95E1-F06DB2517CFC}.Debug|Any CPU.ActiveCfg = Debug|Any CPU
		{16CE62E2-0AB4-4FF0-95E1-F06DB2517CFC}.Debug|Any CPU.Build.0 = Debug|Any CPU
		{16CE62E2-0AB4-4FF0-95E1-F06DB2517CFC}.Release|Any CPU.ActiveCfg = Release|Any CPU
		{16CE62E2-0AB4-4FF0-95E1-F06DB2517CFC}.Release|Any CPU.Build.0 = Release|Any CPU
		{A72BE4E9-ADCA-497A-8A49-47C6097D8B5A}.Debug|Any CPU.ActiveCfg = Debug|Any CPU
		{A72BE4E9-ADCA-497A-8A49-47C6097D8B5A}.Debug|Any CPU.Build.0 = Debug|Any CPU
		{A72BE4E9-ADCA-497A-8A49-47C6097D8B5A}.Release|Any CPU.ActiveCfg = Release|Any CPU
		{A72BE4E9-ADCA-497A-8A49-47C6097D8B5A}.Release|Any CPU.Build.0 = Release|Any CPU
		{7183760F-B9EF-4C38-8943-411EFDC9E0E9}.Debug|Any CPU.ActiveCfg = Debug|Any CPU
		{7183760F-B9EF-4C38-8943-411EFDC9E0E9}.Debug|Any CPU.Build.0 = Debug|Any CPU
		{7183760F-B9EF-4C38-8943-411EFDC9E0E9}.Release|Any CPU.ActiveCfg = Release|Any CPU
		{7183760F-B9EF-4C38-8943-411EFDC9E0E9}.Release|Any CPU.Build.0 = Release|Any CPU
	EndGlobalSection
	GlobalSection(SolutionProperties) = preSolution
		HideSolutionNode = FALSE
	EndGlobalSection
	GlobalSection(NestedProjects) = preSolution
		{16CE62E2-0AB4-4FF0-95E1-F06DB2517CFC} = {403BA68C-F946-4ECC-95CD-E20C53193FB1}
		{A72BE4E9-ADCA-497A-8A49-47C6097D8B5A} = {403BA68C-F946-4ECC-95CD-E20C53193FB1}
	EndGlobalSection
	GlobalSection(ExtensibilityGlobals) = postSolution
		SolutionGuid = {40364747-396C-4636-B71A-E722B610AF31}
	EndGlobalSection
EndGlobal
