
Microsoft Visual Studio Solution File, Format Version 12.00
# Visual Studio Version 16
VisualStudioVersion = 16.0.29728.190
MinimumVisualStudioVersion = 10.0.40219.1
Project("{2150E333-8FDC-42A3-9474-1A3956D46DE8}") = "Data", "Data", "{403BA68C-F946-4ECC-95CD-E20C53193FB1}"
EndProject
Project("{9A19103F-16F7-4668-BE54-9A1E7A4F7556}") = "MyCalisthenicApp.Data", "MyCalisthenicApp.Data\MyCalisthenicApp.Data.csproj", "{16CE62E2-0AB4-4FF0-95E1-F06DB2517CFC}"
EndProject
Project("{9A19103F-16F7-4668-BE54-9A1E7A4F7556}") = "MyCalisthenicApp.Models", "MyCalisthenicApp.Models\MyCalisthenicApp.Models.csproj", "{A72BE4E9-ADCA-497A-8A49-47C6097D8B5A}"
EndProject
Project("{9A19103F-16F7-4668-BE54-9A1E7A4F7556}") = "MyCalisthenicApp.Data.Common", "MyCalisthenicApp.Data.Common\MyCalisthenicApp.Data.Common.csproj", "{032A8EBC-0C54-4037-93BC-12CDFD6D1CDB}"
EndProject
Project("{2150E333-8FDC-42A3-9474-1A3956D46DE8}") = "Services", "Services", "{49231202-204B-4F1E-9E6C-4C2D3331BB7C}"
EndProject
Project("{9A19103F-16F7-4668-BE54-9A1E7A4F7556}") = "MyCalisthenicApp.Services", "MyCalisthenicApp.Services\MyCalisthenicApp.Services.csproj", "{5F988CDC-7F19-434E-9147-504568E63E63}"
EndProject
Project("{2150E333-8FDC-42A3-9474-1A3956D46DE8}") = "Tests", "Tests", "{C3F9B4E6-D1A0-4E37-839F-BE3F3DF14BC1}"
EndProject
Project("{9A19103F-16F7-4668-BE54-9A1E7A4F7556}") = "MyCalisthenicApp.Services.Tests", "MyCalisthenicApp.Services.Tests\MyCalisthenicApp.Services.Tests.csproj", "{89A29370-2244-4C4A-8F89-87FFB34CF6BD}"
EndProject
Project("{2150E333-8FDC-42A3-9474-1A3956D46DE8}") = "Web", "Web", "{DC3BDE2C-261F-47A0-8ACA-9595BC218D13}"
EndProject
Project("{9A19103F-16F7-4668-BE54-9A1E7A4F7556}") = "MyCalisthenicApp.Web", "MyCalisthenicApp.Web\MyCalisthenicApp.Web.csproj", "{19E140CC-605B-4DBD-BBEF-8B67D8A1B2D2}"
	ProjectSection(ProjectDependencies) = postProject
		{5F988CDC-7F19-434E-9147-504568E63E63} = {5F988CDC-7F19-434E-9147-504568E63E63}
	EndProjectSection
EndProject
Project("{2150E333-8FDC-42A3-9474-1A3956D46DE8}") = "ViewModels", "ViewModels", "{30CD025E-1F3D-4679-AAD8-A6622835327D}"
EndProject
Project("{9A19103F-16F7-4668-BE54-9A1E7A4F7556}") = "MyCalisthenicApp.ViewModels", "MyCalisthenicApp.ViewModels\MyCalisthenicApp.ViewModels.csproj", "{F85C626B-60C2-407C-8FCB-ADD23DA02142}"
EndProject
Project("{9A19103F-16F7-4668-BE54-9A1E7A4F7556}") = "MyCalisthenicApp.Mapping", "MyCalisthenicApp.Mapping\MyCalisthenicApp.Mapping.csproj", "{B81B70CB-A8B5-448F-B65B-A2C71A15168E}"
EndProject
Project("{FAE04EC0-301F-11D3-BF4B-00C04F79EFBC}") = "MyCalisthenicApp.Web.Infrastructure", "MyCalisthenicApp.Web.Infrastructure\MyCalisthenicApp.Web.Infrastructure.csproj", "{370700C1-65CB-455F-9B48-51446383E4C2}"
EndProject
Global
	GlobalSection(SolutionConfigurationPlatforms) = preSolution
		Debug|Any CPU = Debug|Any CPU
		Release|Any CPU = Release|Any CPU
	EndGlobalSection
	GlobalSection(ProjectConfigurationPlatforms) = postSolution
		{16CE62E2-0AB4-4FF0-95E1-F06DB2517CFC}.Debug|Any CPU.ActiveCfg = Debug|Any CPU
		{16CE62E2-0AB4-4FF0-95E1-F06DB2517CFC}.Debug|Any CPU.Build.0 = Debug|Any CPU
		{16CE62E2-0AB4-4FF0-95E1-F06DB2517CFC}.Release|Any CPU.ActiveCfg = Release|Any CPU
		{16CE62E2-0AB4-4FF0-95E1-F06DB2517CFC}.Release|Any CPU.Build.0 = Release|Any CPU
		{A72BE4E9-ADCA-497A-8A49-47C6097D8B5A}.Debug|Any CPU.ActiveCfg = Debug|Any CPU
		{A72BE4E9-ADCA-497A-8A49-47C6097D8B5A}.Debug|Any CPU.Build.0 = Debug|Any CPU
		{A72BE4E9-ADCA-497A-8A49-47C6097D8B5A}.Release|Any CPU.ActiveCfg = Release|Any CPU
		{A72BE4E9-ADCA-497A-8A49-47C6097D8B5A}.Release|Any CPU.Build.0 = Release|Any CPU
		{032A8EBC-0C54-4037-93BC-12CDFD6D1CDB}.Debug|Any CPU.ActiveCfg = Debug|Any CPU
		{032A8EBC-0C54-4037-93BC-12CDFD6D1CDB}.Debug|Any CPU.Build.0 = Debug|Any CPU
		{032A8EBC-0C54-4037-93BC-12CDFD6D1CDB}.Release|Any CPU.ActiveCfg = Release|Any CPU
		{032A8EBC-0C54-4037-93BC-12CDFD6D1CDB}.Release|Any CPU.Build.0 = Release|Any CPU
		{5F988CDC-7F19-434E-9147-504568E63E63}.Debug|Any CPU.ActiveCfg = Debug|Any CPU
		{5F988CDC-7F19-434E-9147-504568E63E63}.Debug|Any CPU.Build.0 = Debug|Any CPU
		{5F988CDC-7F19-434E-9147-504568E63E63}.Release|Any CPU.ActiveCfg = Release|Any CPU
		{5F988CDC-7F19-434E-9147-504568E63E63}.Release|Any CPU.Build.0 = Release|Any CPU
		{89A29370-2244-4C4A-8F89-87FFB34CF6BD}.Debug|Any CPU.ActiveCfg = Debug|Any CPU
		{89A29370-2244-4C4A-8F89-87FFB34CF6BD}.Debug|Any CPU.Build.0 = Debug|Any CPU
		{89A29370-2244-4C4A-8F89-87FFB34CF6BD}.Release|Any CPU.ActiveCfg = Release|Any CPU
		{89A29370-2244-4C4A-8F89-87FFB34CF6BD}.Release|Any CPU.Build.0 = Release|Any CPU
		{19E140CC-605B-4DBD-BBEF-8B67D8A1B2D2}.Debug|Any CPU.ActiveCfg = Debug|Any CPU
		{19E140CC-605B-4DBD-BBEF-8B67D8A1B2D2}.Debug|Any CPU.Build.0 = Debug|Any CPU
		{19E140CC-605B-4DBD-BBEF-8B67D8A1B2D2}.Release|Any CPU.ActiveCfg = Release|Any CPU
		{19E140CC-605B-4DBD-BBEF-8B67D8A1B2D2}.Release|Any CPU.Build.0 = Release|Any CPU
		{F85C626B-60C2-407C-8FCB-ADD23DA02142}.Debug|Any CPU.ActiveCfg = Debug|Any CPU
		{F85C626B-60C2-407C-8FCB-ADD23DA02142}.Debug|Any CPU.Build.0 = Debug|Any CPU
		{F85C626B-60C2-407C-8FCB-ADD23DA02142}.Release|Any CPU.ActiveCfg = Release|Any CPU
		{F85C626B-60C2-407C-8FCB-ADD23DA02142}.Release|Any CPU.Build.0 = Release|Any CPU
		{B81B70CB-A8B5-448F-B65B-A2C71A15168E}.Debug|Any CPU.ActiveCfg = Debug|Any CPU
		{B81B70CB-A8B5-448F-B65B-A2C71A15168E}.Debug|Any CPU.Build.0 = Debug|Any CPU
		{B81B70CB-A8B5-448F-B65B-A2C71A15168E}.Release|Any CPU.ActiveCfg = Release|Any CPU
		{B81B70CB-A8B5-448F-B65B-A2C71A15168E}.Release|Any CPU.Build.0 = Release|Any CPU
		{370700C1-65CB-455F-9B48-51446383E4C2}.Debug|Any CPU.ActiveCfg = Debug|Any CPU
		{370700C1-65CB-455F-9B48-51446383E4C2}.Debug|Any CPU.Build.0 = Debug|Any CPU
		{370700C1-65CB-455F-9B48-51446383E4C2}.Release|Any CPU.ActiveCfg = Release|Any CPU
		{370700C1-65CB-455F-9B48-51446383E4C2}.Release|Any CPU.Build.0 = Release|Any CPU
	EndGlobalSection
	GlobalSection(SolutionProperties) = preSolution
		HideSolutionNode = FALSE
	EndGlobalSection
	GlobalSection(NestedProjects) = preSolution
		{16CE62E2-0AB4-4FF0-95E1-F06DB2517CFC} = {403BA68C-F946-4ECC-95CD-E20C53193FB1}
		{A72BE4E9-ADCA-497A-8A49-47C6097D8B5A} = {403BA68C-F946-4ECC-95CD-E20C53193FB1}
		{032A8EBC-0C54-4037-93BC-12CDFD6D1CDB} = {403BA68C-F946-4ECC-95CD-E20C53193FB1}
		{5F988CDC-7F19-434E-9147-504568E63E63} = {49231202-204B-4F1E-9E6C-4C2D3331BB7C}
		{89A29370-2244-4C4A-8F89-87FFB34CF6BD} = {C3F9B4E6-D1A0-4E37-839F-BE3F3DF14BC1}
		{19E140CC-605B-4DBD-BBEF-8B67D8A1B2D2} = {DC3BDE2C-261F-47A0-8ACA-9595BC218D13}
		{F85C626B-60C2-407C-8FCB-ADD23DA02142} = {30CD025E-1F3D-4679-AAD8-A6622835327D}
		{B81B70CB-A8B5-448F-B65B-A2C71A15168E} = {49231202-204B-4F1E-9E6C-4C2D3331BB7C}
		{370700C1-65CB-455F-9B48-51446383E4C2} = {DC3BDE2C-261F-47A0-8ACA-9595BC218D13}
	EndGlobalSection
	GlobalSection(ExtensibilityGlobals) = postSolution
		SolutionGuid = {40364747-396C-4636-B71A-E722B610AF31}
	EndGlobalSection
EndGlobal
